// !$*UTF8*$!
{
	archiveVersion = 1;
	classes = {
	};
	objectVersion = 56;
	objects = {

/* Begin PBXBuildFile section */
		489CA63D2CD6B3FF0029B123 /* AppDelegate.swift in Sources */ = {isa = PBXBuildFile; fileRef = 489CA63C2CD6B3FF0029B123 /* AppDelegate.swift */; };
		489CA63F2CD6B3FF0029B123 /* ViewController.swift in Sources */ = {isa = PBXBuildFile; fileRef = 489CA63E2CD6B3FF0029B123 /* ViewController.swift */; };
		489CA6412CD6B4000029B123 /* Assets.xcassets in Resources */ = {isa = PBXBuildFile; fileRef = 489CA6402CD6B4000029B123 /* Assets.xcassets */; };
		489CA6442CD6B4000029B123 /* Base in Resources */ = {isa = PBXBuildFile; fileRef = 489CA6432CD6B4000029B123 /* Base */; };
		489CA64F2CD6B4000029B123 /* mRendererTests.swift in Sources */ = {isa = PBXBuildFile; fileRef = 489CA64E2CD6B4000029B123 /* mRendererTests.swift */; };
		489CA6592CD6B4000029B123 /* mRendererUITests.swift in Sources */ = {isa = PBXBuildFile; fileRef = 489CA6582CD6B4000029B123 /* mRendererUITests.swift */; };
		489CA65B2CD6B4000029B123 /* mRendererUITestsLaunchTests.swift in Sources */ = {isa = PBXBuildFile; fileRef = 489CA65A2CD6B4000029B123 /* mRendererUITestsLaunchTests.swift */; };
		489CA66A2CD6B7CA0029B123 /* Shaders.metal in Sources */ = {isa = PBXBuildFile; fileRef = 489CA6692CD6B7CA0029B123 /* Shaders.metal */; };
/* End PBXBuildFile section */

/* Begin PBXContainerItemProxy section */
		489CA64B2CD6B4000029B123 /* PBXContainerItemProxy */ = {
			isa = PBXContainerItemProxy;
			containerPortal = 489CA6312CD6B3FF0029B123 /* Project object */;
			proxyType = 1;
			remoteGlobalIDString = 489CA6382CD6B3FF0029B123;
			remoteInfo = mRenderer;
		};
		489CA6552CD6B4000029B123 /* PBXContainerItemProxy */ = {
			isa = PBXContainerItemProxy;
			containerPortal = 489CA6312CD6B3FF0029B123 /* Project object */;
			proxyType = 1;
			remoteGlobalIDString = 489CA6382CD6B3FF0029B123;
			remoteInfo = mRenderer;
		};
/* End PBXContainerItemProxy section */

/* Begin PBXFileReference section */
		489CA6392CD6B3FF0029B123 /* mRenderer.app */ = {isa = PBXFileReference; explicitFileType = wrapper.application; includeInIndex = 0; path = mRenderer.app; sourceTree = BUILT_PRODUCTS_DIR; };
		489CA63C2CD6B3FF0029B123 /* AppDelegate.swift */ = {isa = PBXFileReference; lastKnownFileType = sourcecode.swift; path = AppDelegate.swift; sourceTree = "<group>"; };
		489CA63E2CD6B3FF0029B123 /* ViewController.swift */ = {isa = PBXFileReference; lastKnownFileType = sourcecode.swift; path = ViewController.swift; sourceTree = "<group>"; };
		489CA6402CD6B4000029B123 /* Assets.xcassets */ = {isa = PBXFileReference; lastKnownFileType = folder.assetcatalog; path = Assets.xcassets; sourceTree = "<group>"; };
		489CA6432CD6B4000029B123 /* Base */ = {isa = PBXFileReference; lastKnownFileType = file.storyboard; name = Base; path = Base.lproj/Main.storyboard; sourceTree = "<group>"; };
		489CA6452CD6B4000029B123 /* mRenderer.entitlements */ = {isa = PBXFileReference; lastKnownFileType = text.plist.entitlements; path = mRenderer.entitlements; sourceTree = "<group>"; };
		489CA64A2CD6B4000029B123 /* mRendererTests.xctest */ = {isa = PBXFileReference; explicitFileType = wrapper.cfbundle; includeInIndex = 0; path = mRendererTests.xctest; sourceTree = BUILT_PRODUCTS_DIR; };
		489CA64E2CD6B4000029B123 /* mRendererTests.swift */ = {isa = PBXFileReference; lastKnownFileType = sourcecode.swift; path = mRendererTests.swift; sourceTree = "<group>"; };
		489CA6542CD6B4000029B123 /* mRendererUITests.xctest */ = {isa = PBXFileReference; explicitFileType = wrapper.cfbundle; includeInIndex = 0; path = mRendererUITests.xctest; sourceTree = BUILT_PRODUCTS_DIR; };
		489CA6582CD6B4000029B123 /* mRendererUITests.swift */ = {isa = PBXFileReference; lastKnownFileType = sourcecode.swift; path = mRendererUITests.swift; sourceTree = "<group>"; };
		489CA65A2CD6B4000029B123 /* mRendererUITestsLaunchTests.swift */ = {isa = PBXFileReference; lastKnownFileType = sourcecode.swift; path = mRendererUITestsLaunchTests.swift; sourceTree = "<group>"; };
		489CA6692CD6B7CA0029B123 /* Shaders.metal */ = {isa = PBXFileReference; lastKnownFileType = sourcecode.metal; path = Shaders.metal; sourceTree = "<group>"; };
/* End PBXFileReference section */

/* Begin PBXFrameworksBuildPhase section */
		489CA6362CD6B3FF0029B123 /* Frameworks */ = {
			isa = PBXFrameworksBuildPhase;
			buildActionMask = 2147483647;
			files = (
			);
			runOnlyForDeploymentPostprocessing = 0;
		};
		489CA6472CD6B4000029B123 /* Frameworks */ = {
			isa = PBXFrameworksBuildPhase;
			buildActionMask = 2147483647;
			files = (
			);
			runOnlyForDeploymentPostprocessing = 0;
		};
		489CA6512CD6B4000029B123 /* Frameworks */ = {
			isa = PBXFrameworksBuildPhase;
			buildActionMask = 2147483647;
			files = (
			);
			runOnlyForDeploymentPostprocessing = 0;
		};
/* End PBXFrameworksBuildPhase section */

/* Begin PBXGroup section */
		489CA6302CD6B3FF0029B123 = {
			isa = PBXGroup;
			children = (
				489CA63B2CD6B3FF0029B123 /* mRenderer */,
				489CA64D2CD6B4000029B123 /* mRendererTests */,
				489CA6572CD6B4000029B123 /* mRendererUITests */,
				489CA63A2CD6B3FF0029B123 /* Products */,
			);
			sourceTree = "<group>";
		};
		489CA63A2CD6B3FF0029B123 /* Products */ = {
			isa = PBXGroup;
			children = (
				489CA6392CD6B3FF0029B123 /* mRenderer.app */,
				489CA64A2CD6B4000029B123 /* mRendererTests.xctest */,
				489CA6542CD6B4000029B123 /* mRendererUITests.xctest */,
			);
			name = Products;
			sourceTree = "<group>";
		};
		489CA63B2CD6B3FF0029B123 /* mRenderer */ = {
			isa = PBXGroup;
			children = (
				489CA63C2CD6B3FF0029B123 /* AppDelegate.swift */,
				489CA63E2CD6B3FF0029B123 /* ViewController.swift */,
				489CA6402CD6B4000029B123 /* Assets.xcassets */,
				489CA6422CD6B4000029B123 /* Main.storyboard */,
				489CA6452CD6B4000029B123 /* mRenderer.entitlements */,
				489CA6692CD6B7CA0029B123 /* Shaders.metal */,
			);
			path = mRenderer;
			sourceTree = "<group>";
		};
		489CA64D2CD6B4000029B123 /* mRendererTests */ = {
			isa = PBXGroup;
			children = (
				489CA64E2CD6B4000029B123 /* mRendererTests.swift */,
			);
			path = mRendererTests;
			sourceTree = "<group>";
		};
		489CA6572CD6B4000029B123 /* mRendererUITests */ = {
			isa = PBXGroup;
			children = (
				489CA6582CD6B4000029B123 /* mRendererUITests.swift */,
				489CA65A2CD6B4000029B123 /* mRendererUITestsLaunchTests.swift */,
			);
			path = mRendererUITests;
			sourceTree = "<group>";
		};
/* End PBXGroup section */

/* Begin PBXNativeTarget section */
		489CA6382CD6B3FF0029B123 /* mRenderer */ = {
			isa = PBXNativeTarget;
			buildConfigurationList = 489CA65E2CD6B4000029B123 /* Build configuration list for PBXNativeTarget "mRenderer" */;
			buildPhases = (
				489CA6352CD6B3FF0029B123 /* Sources */,
				489CA6362CD6B3FF0029B123 /* Frameworks */,
				489CA6372CD6B3FF0029B123 /* Resources */,
			);
			buildRules = (
			);
			dependencies = (
			);
			name = mRenderer;
			productName = mRenderer;
			productReference = 489CA6392CD6B3FF0029B123 /* mRenderer.app */;
			productType = "com.apple.product-type.application";
		};
		489CA6492CD6B4000029B123 /* mRendererTests */ = {
			isa = PBXNativeTarget;
			buildConfigurationList = 489CA6612CD6B4000029B123 /* Build configuration list for PBXNativeTarget "mRendererTests" */;
			buildPhases = (
				489CA6462CD6B4000029B123 /* Sources */,
				489CA6472CD6B4000029B123 /* Frameworks */,
				489CA6482CD6B4000029B123 /* Resources */,
			);
			buildRules = (
			);
			dependencies = (
				489CA64C2CD6B4000029B123 /* PBXTargetDependency */,
			);
			name = mRendererTests;
			productName = mRendererTests;
			productReference = 489CA64A2CD6B4000029B123 /* mRendererTests.xctest */;
			productType = "com.apple.product-type.bundle.unit-test";
		};
		489CA6532CD6B4000029B123 /* mRendererUITests */ = {
			isa = PBXNativeTarget;
			buildConfigurationList = 489CA6642CD6B4000029B123 /* Build configuration list for PBXNativeTarget "mRendererUITests" */;
			buildPhases = (
				489CA6502CD6B4000029B123 /* Sources */,
				489CA6512CD6B4000029B123 /* Frameworks */,
				489CA6522CD6B4000029B123 /* Resources */,
			);
			buildRules = (
			);
			dependencies = (
				489CA6562CD6B4000029B123 /* PBXTargetDependency */,
			);
			name = mRendererUITests;
			productName = mRendererUITests;
			productReference = 489CA6542CD6B4000029B123 /* mRendererUITests.xctest */;
			productType = "com.apple.product-type.bundle.ui-testing";
		};
/* End PBXNativeTarget section */

/* Begin PBXProject section */
		489CA6312CD6B3FF0029B123 /* Project object */ = {
			isa = PBXProject;
			attributes = {
				BuildIndependentTargetsInParallel = 1;
				LastSwiftUpdateCheck = 1540;
				LastUpgradeCheck = 1540;
				TargetAttributes = {
					489CA6382CD6B3FF0029B123 = {
						CreatedOnToolsVersion = 15.4;
					};
					489CA6492CD6B4000029B123 = {
						CreatedOnToolsVersion = 15.4;
						TestTargetID = 489CA6382CD6B3FF0029B123;
					};
					489CA6532CD6B4000029B123 = {
						CreatedOnToolsVersion = 15.4;
						TestTargetID = 489CA6382CD6B3FF0029B123;
					};
				};
			};
			buildConfigurationList = 489CA6342CD6B3FF0029B123 /* Build configuration list for PBXProject "mRenderer" */;
			compatibilityVersion = "Xcode 14.0";
			developmentRegion = en;
			hasScannedForEncodings = 0;
			knownRegions = (
				en,
				Base,
			);
			mainGroup = 489CA6302CD6B3FF0029B123;
			productRefGroup = 489CA63A2CD6B3FF0029B123 /* Products */;
			projectDirPath = "";
			projectRoot = "";
			targets = (
				489CA6382CD6B3FF0029B123 /* mRenderer */,
				489CA6492CD6B4000029B123 /* mRendererTests */,
				489CA6532CD6B4000029B123 /* mRendererUITests */,
			);
		};
/* End PBXProject section */

/* Begin PBXResourcesBuildPhase section */
		489CA6372CD6B3FF0029B123 /* Resources */ = {
			isa = PBXResourcesBuildPhase;
			buildActionMask = 2147483647;
			files = (
				489CA6412CD6B4000029B123 /* Assets.xcassets in Resources */,
				489CA6442CD6B4000029B123 /* Base in Resources */,
			);
			runOnlyForDeploymentPostprocessing = 0;
		};
		489CA6482CD6B4000029B123 /* Resources */ = {
			isa = PBXResourcesBuildPhase;
			buildActionMask = 2147483647;
			files = (
			);
			runOnlyForDeploymentPostprocessing = 0;
		};
		489CA6522CD6B4000029B123 /* Resources */ = {
			isa = PBXResourcesBuildPhase;
			buildActionMask = 2147483647;
			files = (
			);
			runOnlyForDeploymentPostprocessing = 0;
		};
/* End PBXResourcesBuildPhase section */

/* Begin PBXSourcesBuildPhase section */
		489CA6352CD6B3FF0029B123 /* Sources */ = {
			isa = PBXSourcesBuildPhase;
			buildActionMask = 2147483647;
			files = (
				489CA66A2CD6B7CA0029B123 /* Shaders.metal in Sources */,
				489CA63F2CD6B3FF0029B123 /* ViewController.swift in Sources */,
				489CA63D2CD6B3FF0029B123 /* AppDelegate.swift in Sources */,
			);
			runOnlyForDeploymentPostprocessing = 0;
		};
		489CA6462CD6B4000029B123 /* Sources */ = {
			isa = PBXSourcesBuildPhase;
			buildActionMask = 2147483647;
			files = (
				489CA64F2CD6B4000029B123 /* mRendererTests.swift in Sources */,
			);
			runOnlyForDeploymentPostprocessing = 0;
		};
		489CA6502CD6B4000029B123 /* Sources */ = {
			isa = PBXSourcesBuildPhase;
			buildActionMask = 2147483647;
			files = (
				489CA6592CD6B4000029B123 /* mRendererUITests.swift in Sources */,
				489CA65B2CD6B4000029B123 /* mRendererUITestsLaunchTests.swift in Sources */,
			);
			runOnlyForDeploymentPostprocessing = 0;
		};
/* End PBXSourcesBuildPhase section */

/* Begin PBXTargetDependency section */
		489CA64C2CD6B4000029B123 /* PBXTargetDependency */ = {
			isa = PBXTargetDependency;
			target = 489CA6382CD6B3FF0029B123 /* mRenderer */;
			targetProxy = 489CA64B2CD6B4000029B123 /* PBXContainerItemProxy */;
		};
		489CA6562CD6B4000029B123 /* PBXTargetDependency */ = {
			isa = PBXTargetDependency;
			target = 489CA6382CD6B3FF0029B123 /* mRenderer */;
			targetProxy = 489CA6552CD6B4000029B123 /* PBXContainerItemProxy */;
		};
/* End PBXTargetDependency section */

/* Begin PBXVariantGroup section */
		489CA6422CD6B4000029B123 /* Main.storyboard */ = {
			isa = PBXVariantGroup;
			children = (
				489CA6432CD6B4000029B123 /* Base */,
			);
			name = Main.storyboard;
			sourceTree = "<group>";
		};
/* End PBXVariantGroup section */

/* Begin XCBuildConfiguration section */
		489CA65C2CD6B4000029B123 /* Debug */ = {
			isa = XCBuildConfiguration;
			buildSettings = {
				ALWAYS_SEARCH_USER_PATHS = NO;
				ASSETCATALOG_COMPILER_GENERATE_SWIFT_ASSET_SYMBOL_EXTENSIONS = YES;
				CLANG_ANALYZER_NONNULL = YES;
				CLANG_ANALYZER_NUMBER_OBJECT_CONVERSION = YES_AGGRESSIVE;
				CLANG_CXX_LANGUAGE_STANDARD = "gnu++20";
				CLANG_ENABLE_MODULES = YES;
				CLANG_ENABLE_OBJC_ARC = YES;
				CLANG_ENABLE_OBJC_WEAK = YES;
				CLANG_WARN_BLOCK_CAPTURE_AUTORELEASING = YES;
				CLANG_WARN_BOOL_CONVERSION = YES;
				CLANG_WARN_COMMA = YES;
				CLANG_WARN_CONSTANT_CONVERSION = YES;
				CLANG_WARN_DEPRECATED_OBJC_IMPLEMENTATIONS = YES;
				CLANG_WARN_DIRECT_OBJC_ISA_USAGE = YES_ERROR;
				CLANG_WARN_DOCUMENTATION_COMMENTS = YES;
				CLANG_WARN_EMPTY_BODY = YES;
				CLANG_WARN_ENUM_CONVERSION = YES;
				CLANG_WARN_INFINITE_RECURSION = YES;
				CLANG_WARN_INT_CONVERSION = YES;
				CLANG_WARN_NON_LITERAL_NULL_CONVERSION = YES;
				CLANG_WARN_OBJC_IMPLICIT_RETAIN_SELF = YES;
				CLANG_WARN_OBJC_LITERAL_CONVERSION = YES;
				CLANG_WARN_OBJC_ROOT_CLASS = YES_ERROR;
				CLANG_WARN_QUOTED_INCLUDE_IN_FRAMEWORK_HEADER = YES;
				CLANG_WARN_RANGE_LOOP_ANALYSIS = YES;
				CLANG_WARN_STRICT_PROTOTYPES = YES;
				CLANG_WARN_SUSPICIOUS_MOVE = YES;
				CLANG_WARN_UNGUARDED_AVAILABILITY = YES_AGGRESSIVE;
				CLANG_WARN_UNREACHABLE_CODE = YES;
				CLANG_WARN__DUPLICATE_METHOD_MATCH = YES;
				COPY_PHASE_STRIP = NO;
				DEBUG_INFORMATION_FORMAT = dwarf;
				ENABLE_STRICT_OBJC_MSGSEND = YES;
				ENABLE_TESTABILITY = YES;
				ENABLE_USER_SCRIPT_SANDBOXING = YES;
				GCC_C_LANGUAGE_STANDARD = gnu17;
				GCC_DYNAMIC_NO_PIC = NO;
				GCC_NO_COMMON_BLOCKS = YES;
				GCC_OPTIMIZATION_LEVEL = 0;
				GCC_PREPROCESSOR_DEFINITIONS = (
					"DEBUG=1",
					"$(inherited)",
				);
				GCC_WARN_64_TO_32_BIT_CONVERSION = YES;
				GCC_WARN_ABOUT_RETURN_TYPE = YES_ERROR;
				GCC_WARN_UNDECLARED_SELECTOR = YES;
				GCC_WARN_UNINITIALIZED_AUTOS = YES_AGGRESSIVE;
				GCC_WARN_UNUSED_FUNCTION = YES;
				GCC_WARN_UNUSED_VARIABLE = YES;
				LOCALIZATION_PREFERS_STRING_CATALOGS = YES;
				MACOSX_DEPLOYMENT_TARGET = 14.5;
				MTL_ENABLE_DEBUG_INFO = INCLUDE_SOURCE;
				MTL_FAST_MATH = YES;
				ONLY_ACTIVE_ARCH = YES;
				SDKROOT = macosx;
				SWIFT_ACTIVE_COMPILATION_CONDITIONS = "DEBUG $(inherited)";
				SWIFT_OPTIMIZATION_LEVEL = "-Onone";
			};
			name = Debug;
		};
		489CA65D2CD6B4000029B123 /* Release */ = {
			isa = XCBuildConfiguration;
			buildSettings = {
				ALWAYS_SEARCH_USER_PATHS = NO;
				ASSETCATALOG_COMPILER_GENERATE_SWIFT_ASSET_SYMBOL_EXTENSIONS = YES;
				CLANG_ANALYZER_NONNULL = YES;
				CLANG_ANALYZER_NUMBER_OBJECT_CONVERSION = YES_AGGRESSIVE;
				CLANG_CXX_LANGUAGE_STANDARD = "gnu++20";
				CLANG_ENABLE_MODULES = YES;
				CLANG_ENABLE_OBJC_ARC = YES;
				CLANG_ENABLE_OBJC_WEAK = YES;
				CLANG_WARN_BLOCK_CAPTURE_AUTORELEASING = YES;
				CLANG_WARN_BOOL_CONVERSION = YES;
				CLANG_WARN_COMMA = YES;
				CLANG_WARN_CONSTANT_CONVERSION = YES;
				CLANG_WARN_DEPRECATED_OBJC_IMPLEMENTATIONS = YES;
				CLANG_WARN_DIRECT_OBJC_ISA_USAGE = YES_ERROR;
				CLANG_WARN_DOCUMENTATION_COMMENTS = YES;
				CLANG_WARN_EMPTY_BODY = YES;
				CLANG_WARN_ENUM_CONVERSION = YES;
				CLANG_WARN_INFINITE_RECURSION = YES;
				CLANG_WARN_INT_CONVERSION = YES;
				CLANG_WARN_NON_LITERAL_NULL_CONVERSION = YES;
				CLANG_WARN_OBJC_IMPLICIT_RETAIN_SELF = YES;
				CLANG_WARN_OBJC_LITERAL_CONVERSION = YES;
				CLANG_WARN_OBJC_ROOT_CLASS = YES_ERROR;
				CLANG_WARN_QUOTED_INCLUDE_IN_FRAMEWORK_HEADER = YES;
				CLANG_WARN_RANGE_LOOP_ANALYSIS = YES;
				CLANG_WARN_STRICT_PROTOTYPES = YES;
				CLANG_WARN_SUSPICIOUS_MOVE = YES;
				CLANG_WARN_UNGUARDED_AVAILABILITY = YES_AGGRESSIVE;
				CLANG_WARN_UNREACHABLE_CODE = YES;
				CLANG_WARN__DUPLICATE_METHOD_MATCH = YES;
				COPY_PHASE_STRIP = NO;
				DEBUG_INFORMATION_FORMAT = "dwarf-with-dsym";
				ENABLE_NS_ASSERTIONS = NO;
				ENABLE_STRICT_OBJC_MSGSEND = YES;
				ENABLE_USER_SCRIPT_SANDBOXING = YES;
				GCC_C_LANGUAGE_STANDARD = gnu17;
				GCC_NO_COMMON_BLOCKS = YES;
				GCC_WARN_64_TO_32_BIT_CONVERSION = YES;
				GCC_WARN_ABOUT_RETURN_TYPE = YES_ERROR;
				GCC_WARN_UNDECLARED_SELECTOR = YES;
				GCC_WARN_UNINITIALIZED_AUTOS = YES_AGGRESSIVE;
				GCC_WARN_UNUSED_FUNCTION = YES;
				GCC_WARN_UNUSED_VARIABLE = YES;
				LOCALIZATION_PREFERS_STRING_CATALOGS = YES;
				MACOSX_DEPLOYMENT_TARGET = 14.5;
				MTL_ENABLE_DEBUG_INFO = NO;
				MTL_FAST_MATH = YES;
				SDKROOT = macosx;
				SWIFT_COMPILATION_MODE = wholemodule;
			};
			name = Release;
		};
		489CA65F2CD6B4000029B123 /* Debug */ = {
			isa = XCBuildConfiguration;
			buildSettings = {
				ASSETCATALOG_COMPILER_APPICON_NAME = AppIcon;
				ASSETCATALOG_COMPILER_GLOBAL_ACCENT_COLOR_NAME = AccentColor;
				CODE_SIGN_ENTITLEMENTS = mRenderer/mRenderer.entitlements;
				CODE_SIGN_STYLE = Automatic;
				COMBINE_HIDPI_IMAGES = YES;
				CURRENT_PROJECT_VERSION = 1;
				DEVELOPMENT_TEAM = K576R3VL7R;
				ENABLE_HARDENED_RUNTIME = YES;
				GENERATE_INFOPLIST_FILE = YES;
				INFOPLIST_KEY_NSHumanReadableCopyright = "";
				INFOPLIST_KEY_NSMainStoryboardFile = Main;
				INFOPLIST_KEY_NSPrincipalClass = NSApplication;
				LD_RUNPATH_SEARCH_PATHS = (
					"$(inherited)",
					"@executable_path/../Frameworks",
				);
				MARKETING_VERSION = 1.0;
				PRODUCT_BUNDLE_IDENTIFIER = polyfuzion.mRenderer;
				PRODUCT_NAME = "$(TARGET_NAME)";
				SWIFT_EMIT_LOC_STRINGS = YES;
				SWIFT_VERSION = 5.0;
			};
			name = Debug;
		};
		489CA6602CD6B4000029B123 /* Release */ = {
			isa = XCBuildConfiguration;
			buildSettings = {
				ASSETCATALOG_COMPILER_APPICON_NAME = AppIcon;
				ASSETCATALOG_COMPILER_GLOBAL_ACCENT_COLOR_NAME = AccentColor;
				CODE_SIGN_ENTITLEMENTS = mRenderer/mRenderer.entitlements;
				CODE_SIGN_STYLE = Automatic;
				COMBINE_HIDPI_IMAGES = YES;
				CURRENT_PROJECT_VERSION = 1;
				DEVELOPMENT_TEAM = K576R3VL7R;
				ENABLE_HARDENED_RUNTIME = YES;
				GENERATE_INFOPLIST_FILE = YES;
				INFOPLIST_KEY_NSHumanReadableCopyright = "";
				INFOPLIST_KEY_NSMainStoryboardFile = Main;
				INFOPLIST_KEY_NSPrincipalClass = NSApplication;
				LD_RUNPATH_SEARCH_PATHS = (
					"$(inherited)",
					"@executable_path/../Frameworks",
				);
				MARKETING_VERSION = 1.0;
				PRODUCT_BUNDLE_IDENTIFIER = polyfuzion.mRenderer;
				PRODUCT_NAME = "$(TARGET_NAME)";
				SWIFT_EMIT_LOC_STRINGS = YES;
				SWIFT_VERSION = 5.0;
			};
			name = Release;
		};
		489CA6622CD6B4000029B123 /* Debug */ = {
			isa = XCBuildConfiguration;
			buildSettings = {
				ALWAYS_EMBED_SWIFT_STANDARD_LIBRARIES = YES;
				BUNDLE_LOADER = "$(TEST_HOST)";
				CODE_SIGN_STYLE = Automatic;
				CURRENT_PROJECT_VERSION = 1;
				DEVELOPMENT_TEAM = K576R3VL7R;
				GENERATE_INFOPLIST_FILE = YES;
				MACOSX_DEPLOYMENT_TARGET = 14.5;
				MARKETING_VERSION = 1.0;
				PRODUCT_BUNDLE_IDENTIFIER = polyfuzion.mRendererTests;
				PRODUCT_NAME = "$(TARGET_NAME)";
				SWIFT_EMIT_LOC_STRINGS = NO;
				SWIFT_VERSION = 5.0;
				TEST_HOST = "$(BUILT_PRODUCTS_DIR)/mRenderer.app/$(BUNDLE_EXECUTABLE_FOLDER_PATH)/mRenderer";
			};
			name = Debug;
		};
		489CA6632CD6B4000029B123 /* Release */ = {
			isa = XCBuildConfiguration;
			buildSettings = {
				ALWAYS_EMBED_SWIFT_STANDARD_LIBRARIES = YES;
				BUNDLE_LOADER = "$(TEST_HOST)";
				CODE_SIGN_STYLE = Automatic;
				CURRENT_PROJECT_VERSION = 1;
				DEVELOPMENT_TEAM = K576R3VL7R;
				GENERATE_INFOPLIST_FILE = YES;
				MACOSX_DEPLOYMENT_TARGET = 14.5;
				MARKETING_VERSION = 1.0;
				PRODUCT_BUNDLE_IDENTIFIER = polyfuzion.mRendererTests;
				PRODUCT_NAME = "$(TARGET_NAME)";
				SWIFT_EMIT_LOC_STRINGS = NO;
				SWIFT_VERSION = 5.0;
				TEST_HOST = "$(BUILT_PRODUCTS_DIR)/mRenderer.app/$(BUNDLE_EXECUTABLE_FOLDER_PATH)/mRenderer";
			};
			name = Release;
		};
		489CA6652CD6B4000029B123 /* Debug */ = {
			isa = XCBuildConfiguration;
			buildSettings = {
				ALWAYS_EMBED_SWIFT_STANDARD_LIBRARIES = YES;
				CODE_SIGN_STYLE = Automatic;
				CURRENT_PROJECT_VERSION = 1;
				DEVELOPMENT_TEAM = K576R3VL7R;
				GENERATE_INFOPLIST_FILE = YES;
				MARKETING_VERSION = 1.0;
				PRODUCT_BUNDLE_IDENTIFIER = polyfuzion.mRendererUITests;
				PRODUCT_NAME = "$(TARGET_NAME)";
				SWIFT_EMIT_LOC_STRINGS = NO;
				SWIFT_VERSION = 5.0;
				TEST_TARGET_NAME = mRenderer;
			};
			name = Debug;
		};
		489CA6662CD6B4000029B123 /* Release */ = {
			isa = XCBuildConfiguration;
			buildSettings = {
				ALWAYS_EMBED_SWIFT_STANDARD_LIBRARIES = YES;
				CODE_SIGN_STYLE = Automatic;
				CURRENT_PROJECT_VERSION = 1;
				DEVELOPMENT_TEAM = K576R3VL7R;
				GENERATE_INFOPLIST_FILE = YES;
				MARKETING_VERSION = 1.0;
				PRODUCT_BUNDLE_IDENTIFIER = polyfuzion.mRendererUITests;
				PRODUCT_NAME = "$(TARGET_NAME)";
				SWIFT_EMIT_LOC_STRINGS = NO;
				SWIFT_VERSION = 5.0;
				TEST_TARGET_NAME = mRenderer;
			};
			name = Release;
		};
/* End XCBuildConfiguration section */

/* Begin XCConfigurationList section */
		489CA6342CD6B3FF0029B123 /* Build configuration list for PBXProject "mRenderer" */ = {
			isa = XCConfigurationList;
			buildConfigurations = (
				489CA65C2CD6B4000029B123 /* Debug */,
				489CA65D2CD6B4000029B123 /* Release */,
			);
			defaultConfigurationIsVisible = 0;
			defaultConfigurationName = Release;
		};
		489CA65E2CD6B4000029B123 /* Build configuration list for PBXNativeTarget "mRenderer" */ = {
			isa = XCConfigurationList;
			buildConfigurations = (
				489CA65F2CD6B4000029B123 /* Debug */,
				489CA6602CD6B4000029B123 /* Release */,
			);
			defaultConfigurationIsVisible = 0;
			defaultConfigurationName = Release;
		};
		489CA6612CD6B4000029B123 /* Build configuration list for PBXNativeTarget "mRendererTests" */ = {
			isa = XCConfigurationList;
			buildConfigurations = (
				489CA6622CD6B4000029B123 /* Debug */,
				489CA6632CD6B4000029B123 /* Release */,
			);
			defaultConfigurationIsVisible = 0;
			defaultConfigurationName = Release;
		};
		489CA6642CD6B4000029B123 /* Build configuration list for PBXNativeTarget "mRendererUITests" */ = {
			isa = XCConfigurationList;
			buildConfigurations = (
				489CA6652CD6B4000029B123 /* Debug */,
				489CA6662CD6B4000029B123 /* Release */,
			);
			defaultConfigurationIsVisible = 0;
			defaultConfigurationName = Release;
		};
/* End XCConfigurationList section */
	};
	rootObject = 489CA6312CD6B3FF0029B123 /* Project object */;
}
